
Microsoft Visual Studio Solution File, Format Version 12.00
# Visual Studio 15
VisualStudioVersion = 15.0.27428.2015
MinimumVisualStudioVersion = 10.0.40219.1
Project("{FAE04EC0-301F-11D3-BF4B-00C04F79EFBC}") = "UniversalConfig", "UniversalConfig\UniversalConfig.csproj", "{6E9D6609-F7B7-455E-A84B-ED3325D895C3}"
EndProject
Project("{FAE04EC0-301F-11D3-BF4B-00C04F79EFBC}") = "TestBench", "TestBench\TestBench.csproj", "{FE48A056-1DB8-4BA9-AD53-EB99AEAEB0D5}"
EndProject
Global
	GlobalSection(SolutionConfigurationPlatforms) = preSolution
		Debug|Any CPU = Debug|Any CPU
		Release|Any CPU = Release|Any CPU
	EndGlobalSection
	GlobalSection(ProjectConfigurationPlatforms) = postSolution
		{6E9D6609-F7B7-455E-A84B-ED3325D895C3}.Debug|Any CPU.ActiveCfg = Debug|Any CPU
		{6E9D6609-F7B7-455E-A84B-ED3325D895C3}.Debug|Any CPU.Build.0 = Debug|Any CPU
		{6E9D6609-F7B7-455E-A84B-ED3325D895C3}.Release|Any CPU.ActiveCfg = Release|Any CPU
		{6E9D6609-F7B7-455E-A84B-ED3325D895C3}.Release|Any CPU.Build.0 = Release|Any CPU
		{FE48A056-1DB8-4BA9-AD53-EB99AEAEB0D5}.Debug|Any CPU.ActiveCfg = Debug|Any CPU
		{FE48A056-1DB8-4BA9-AD53-EB99AEAEB0D5}.Debug|Any CPU.Build.0 = Debug|Any CPU
		{FE48A056-1DB8-4BA9-AD53-EB99AEAEB0D5}.Release|Any CPU.ActiveCfg = Release|Any CPU
		{FE48A056-1DB8-4BA9-AD53-EB99AEAEB0D5}.Release|Any CPU.Build.0 = Release|Any CPU
	EndGlobalSection
	GlobalSection(SolutionProperties) = preSolution
		HideSolutionNode = FALSE
	EndGlobalSection
	GlobalSection(ExtensibilityGlobals) = postSolution
		SolutionGuid = {AE34C733-BCA6-4F97-A7B8-51C5DA29D4FD}
	EndGlobalSection
EndGlobal
